{
  "version": 4,
  "terraform_version": "1.4.6",
  "serial": 3,
  "lineage": "70543700-d93f-2d37-7b56-3cefda762ec0",
  "outputs": {},
  "resources": [
    {
      "mode": "managed",
      "type": "azurerm_container_group",
      "name": "terraform_cg_kab",
      "provider": "provider[\"registry.terraform.io/hashicorp/azurerm\"]",
      "instances": [
        {
          "schema_version": 0,
          "attributes": {
            "container": [
              {
                "commands": [],
                "cpu": 1,
                "cpu_limit": 0,
                "environment_variables": null,
                "gpu": [],
                "gpu_limit": [],
                "image": "kabsoft/terraform_wapi_kab",
                "liveness_probe": [],
                "memory": 1,
                "memory_limit": 0,
                "name": "weatherapikab",
                "ports": [
                  {
                    "port": 80,
                    "protocol": "TCP"
                  }
                ],
                "readiness_probe": [],
                "secure_environment_variables": null,
                "volume": []
              }
            ],
            "diagnostics": [],
            "dns_config": [],
            "dns_name_label": "terraformWapikab",
            "dns_name_label_reuse_policy": "Unsecure",
            "exposed_port": [
              {
                "port": 80,
                "protocol": "TCP"
              }
            ],
            "fqdn": "terraformWapikab.norwayeast.azurecontainer.io",
            "id": "/subscriptions/976863b9-35c7-4892-a9e2-4ececca526c7/resourceGroups/terraform_rg_kab/providers/Microsoft.ContainerInstance/containerGroups/weatherapi_kab",
            "identity": [],
            "image_registry_credential": [],
            "init_container": [],
            "ip_address": "20.251.68.135",
            "ip_address_type": "Public",
            "key_vault_key_id": null,
            "location": "norwayeast",
            "name": "weatherapi_kab",
            "network_profile_id": null,
            "os_type": "Linux",
            "resource_group_name": "terraform_rg_kab",
            "restart_policy": "Always",
            "subnet_ids": null,
            "tags": null,
            "timeouts": null,
            "zones": null
          },
          "sensitive_attributes": [],
          "private": "eyJlMmJmYjczMC1lY2FhLTExZTYtOGY4OC0zNDM2M2JjN2M0YzAiOnsiY3JlYXRlIjoxODAwMDAwMDAwMDAwLCJkZWxldGUiOjE4MDAwMDAwMDAwMDAsInJlYWQiOjMwMDAwMDAwMDAwMCwidXBkYXRlIjoxODAwMDAwMDAwMDAwfX0=",
          "dependencies": [
            "azurerm_resource_group.terraform_kab"
          ]
        }
      ]
    },
    {
      "mode": "managed",
      "type": "azurerm_resource_group",
      "name": "terraform_kab",
      "provider": "provider[\"registry.terraform.io/hashicorp/azurerm\"]",
      "instances": [
        {
          "schema_version": 0,
          "attributes": {
            "id": "/subscriptions/976863b9-35c7-4892-a9e2-4ececca526c7/resourceGroups/terraform_rg_kab",
            "location": "norwayeast",
            "name": "terraform_rg_kab",
            "tags": null,
            "timeouts": null
          },
          "sensitive_attributes": [],
          "private": "eyJlMmJmYjczMC1lY2FhLTExZTYtOGY4OC0zNDM2M2JjN2M0YzAiOnsiY3JlYXRlIjo1NDAwMDAwMDAwMDAwLCJkZWxldGUiOjU0MDAwMDAwMDAwMDAsInJlYWQiOjMwMDAwMDAwMDAwMCwidXBkYXRlIjo1NDAwMDAwMDAwMDAwfX0="
        }
      ]
    }
  ],
  "check_results": null
}
